lockfileVersion: '9.0'

settings:
  autoInstallPeers: true
  excludeLinksFromLockfile: false

importers:

  .:
    dependencies:
      '@steipete/sweet-cookie':
        specifier: ^0.1.0
        version: 0.1.0
      openpgp:
        specifier: ^6.3.0
        version: 6.3.0
    devDependencies:
      playwright:
        specifier: ^1.54.2
        version: 1.58.2

packages:

  '@steipete/sweet-cookie@0.1.0':
    resolution: {integrity: sha512-cF8hS6rTohAFI1NAm2/HM9omBlw6V1DpwF6q5e9FB+l274HjtyirCgCc6QK2Rtuh7uDoqWHshFQZPsceyJuVgw==}
    engines: {node: '>=22'}

  fsevents@2.3.2:
    resolution: {integrity: sha512-xiqMQR4xAeHTuB9uWm+fFRcIOgKBMiOBP+eXiyT7jsgVCq1bkVygt00oASowB7EdtpOHaaPgKt812P9ab+DDKA==}
    engines: {node: ^8.16.0 || ^10.6.0 || >=11.0.0}
    os: [darwin]

  openpgp@6.3.0:
    resolution: {integrity: sha512-pLzCU8IgyKXPSO11eeharQkQ4GzOKNWhXq79pQarIRZEMt1/ssyr+MIuWBv1mNoenJLg04gvPx+fi4gcKZ4bag==}
    engines: {node: '>= 18.0.0'}

  playwright-core@1.58.2:
    resolution: {integrity: sha512-yZkEtftgwS8CsfYo7nm0KE8jsvm6i/PTgVtB8DL726wNf6H2IMsDuxCpJj59KDaxCtSnrWan2AeDqM7JBaultg==}
    engines: {node: '>=18'}
    hasBin: true

  playwright@1.58.2:
    resolution: {integrity: sha512-vA30H8Nvkq/cPBnNw4Q8TWz1EJyqgpuinBcHET0YVJVFldr8JDNiU9LaWAE1KqSkRYazuaBhTpB5ZzShOezQ6A==}
    engines: {node: '>=18'}
    hasBin: true

snapshots:

  '@steipete/sweet-cookie@0.1.0': {}

  fsevents@2.3.2:
    optional: true

  openpgp@6.3.0: {}

  playwright-core@1.58.2: {}

  playwright@1.58.2:
    dependencies:
      playwright-core: 1.58.2
    optionalDependencies:
      fsevents: 2.3.2
